// !$*UTF8*$!
{
	archiveVersion = 1;
	classes = {
	};
	objectVersion = 46;
	objects = {

/* Begin PBXBuildFile section */
		E8A2A88219910E470099CEC8 /* DistServer.m in Sources */ = {isa = PBXBuildFile; fileRef = E8A2A88119910E470099CEC8 /* DistServer.m */; };
		EB6DCC4D1990D3960037F627 /* Cocoa.framework in Frameworks */ = {isa = PBXBuildFile; fileRef = EB6DCC4C1990D3960037F627 /* Cocoa.framework */; };
		EB6DCC571990D3960037F627 /* InfoPlist.strings in Resources */ = {isa = PBXBuildFile; fileRef = EB6DCC551990D3960037F627 /* InfoPlist.strings */; };
		EB6DCC591990D3960037F627 /* main.m in Sources */ = {isa = PBXBuildFile; fileRef = EB6DCC581990D3960037F627 /* main.m */; };
		EB6DCC5D1990D3960037F627 /* Credits.rtf in Resources */ = {isa = PBXBuildFile; fileRef = EB6DCC5B1990D3960037F627 /* Credits.rtf */; };
		EB6DCC601990D3960037F627 /* AppDelegate.m in Sources */ = {isa = PBXBuildFile; fileRef = EB6DCC5F1990D3960037F627 /* AppDelegate.m */; };
		EB6DCC631990D3960037F627 /* MainMenu.xib in Resources */ = {isa = PBXBuildFile; fileRef = EB6DCC611990D3960037F627 /* MainMenu.xib */; };
		EB6DCC651990D3960037F627 /* Images.xcassets in Resources */ = {isa = PBXBuildFile; fileRef = EB6DCC641990D3960037F627 /* Images.xcassets */; };
		EB6DCC6C1990D3960037F627 /* XCTest.framework in Frameworks */ = {isa = PBXBuildFile; fileRef = EB6DCC6B1990D3960037F627 /* XCTest.framework */; };
		EB6DCC6D1990D3960037F627 /* Cocoa.framework in Frameworks */ = {isa = PBXBuildFile; fileRef = EB6DCC4C1990D3960037F627 /* Cocoa.framework */; };
		EB6DCC751990D3960037F627 /* InfoPlist.strings in Resources */ = {isa = PBXBuildFile; fileRef = EB6DCC731990D3960037F627 /* InfoPlist.strings */; };
		EB6DCC771990D3960037F627 /* AVS_ParkingLotTests.m in Sources */ = {isa = PBXBuildFile; fileRef = EB6DCC761990D3960037F627 /* AVS_ParkingLotTests.m */; };
		EB6DCCB81990D3DF0037F627 /* libopencv_calib3d.2.4.9.dylib in Frameworks */ = {isa = PBXBuildFile; fileRef = EB6DCC811990D3DF0037F627 /* libopencv_calib3d.2.4.9.dylib */; };
		EB6DCCB91990D3DF0037F627 /* libopencv_calib3d.2.4.dylib in Frameworks */ = {isa = PBXBuildFile; fileRef = EB6DCC821990D3DF0037F627 /* libopencv_calib3d.2.4.dylib */; };
		EB6DCCBA1990D3DF0037F627 /* libopencv_calib3d.dylib in Frameworks */ = {isa = PBXBuildFile; fileRef = EB6DCC831990D3DF0037F627 /* libopencv_calib3d.dylib */; };
		EB6DCCBB1990D3DF0037F627 /* libopencv_contrib.2.4.9.dylib in Frameworks */ = {isa = PBXBuildFile; fileRef = EB6DCC841990D3DF0037F627 /* libopencv_contrib.2.4.9.dylib */; };
		EB6DCCBC1990D3DF0037F627 /* libopencv_contrib.2.4.dylib in Frameworks */ = {isa = PBXBuildFile; fileRef = EB6DCC851990D3DF0037F627 /* libopencv_contrib.2.4.dylib */; };
		EB6DCCBD1990D3DF0037F627 /* libopencv_contrib.dylib in Frameworks */ = {isa = PBXBuildFile; fileRef = EB6DCC861990D3DF0037F627 /* libopencv_contrib.dylib */; };
		EB6DCCBE1990D3DF0037F627 /* libopencv_core.2.4.9.dylib in Frameworks */ = {isa = PBXBuildFile; fileRef = EB6DCC871990D3DF0037F627 /* libopencv_core.2.4.9.dylib */; };
		EB6DCCBF1990D3DF0037F627 /* libopencv_core.2.4.dylib in Frameworks */ = {isa = PBXBuildFile; fileRef = EB6DCC881990D3DF0037F627 /* libopencv_core.2.4.dylib */; };
		EB6DCCC01990D3DF0037F627 /* libopencv_core.dylib in Frameworks */ = {isa = PBXBuildFile; fileRef = EB6DCC891990D3DF0037F627 /* libopencv_core.dylib */; };
		EB6DCCC11990D3DF0037F627 /* libopencv_features2d.2.4.9.dylib in Frameworks */ = {isa = PBXBuildFile; fileRef = EB6DCC8A1990D3DF0037F627 /* libopencv_features2d.2.4.9.dylib */; };
		EB6DCCC21990D3DF0037F627 /* libopencv_features2d.2.4.dylib in Frameworks */ = {isa = PBXBuildFile; fileRef = EB6DCC8B1990D3DF0037F627 /* libopencv_features2d.2.4.dylib */; };
		EB6DCCC31990D3DF0037F627 /* libopencv_features2d.dylib in Frameworks */ = {isa = PBXBuildFile; fileRef = EB6DCC8C1990D3DF0037F627 /* libopencv_features2d.dylib */; };
		EB6DCCC41990D3DF0037F627 /* libopencv_flann.2.4.9.dylib in Frameworks */ = {isa = PBXBuildFile; fileRef = EB6DCC8D1990D3DF0037F627 /* libopencv_flann.2.4.9.dylib */; };
		EB6DCCC51990D3DF0037F627 /* libopencv_flann.2.4.dylib in Frameworks */ = {isa = PBXBuildFile; fileRef = EB6DCC8E1990D3DF0037F627 /* libopencv_flann.2.4.dylib */; };
		EB6DCCC61990D3DF0037F627 /* libopencv_flann.dylib in Frameworks */ = {isa = PBXBuildFile; fileRef = EB6DCC8F1990D3DF0037F627 /* libopencv_flann.dylib */; };
		EB6DCCC71990D3DF0037F627 /* libopencv_gpu.2.4.9.dylib in Frameworks */ = {isa = PBXBuildFile; fileRef = EB6DCC901990D3DF0037F627 /* libopencv_gpu.2.4.9.dylib */; };
		EB6DCCC81990D3DF0037F627 /* libopencv_gpu.2.4.dylib in Frameworks */ = {isa = PBXBuildFile; fileRef = EB6DCC911990D3DF0037F627 /* libopencv_gpu.2.4.dylib */; };
		EB6DCCC91990D3DF0037F627 /* libopencv_gpu.dylib in Frameworks */ = {isa = PBXBuildFile; fileRef = EB6DCC921990D3DF0037F627 /* libopencv_gpu.dylib */; };
		EB6DCCCA1990D3DF0037F627 /* libopencv_highgui.2.4.9.dylib in Frameworks */ = {isa = PBXBuildFile; fileRef = EB6DCC931990D3DF0037F627 /* libopencv_highgui.2.4.9.dylib */; };
		EB6DCCCB1990D3DF0037F627 /* libopencv_highgui.2.4.dylib in Frameworks */ = {isa = PBXBuildFile; fileRef = EB6DCC941990D3DF0037F627 /* libopencv_highgui.2.4.dylib */; };
		EB6DCCCC1990D3DF0037F627 /* libopencv_highgui.dylib in Frameworks */ = {isa = PBXBuildFile; fileRef = EB6DCC951990D3DF0037F627 /* libopencv_highgui.dylib */; };
		EB6DCCCD1990D3DF0037F627 /* libopencv_imgproc.2.4.9.dylib in Frameworks */ = {isa = PBXBuildFile; fileRef = EB6DCC961990D3DF0037F627 /* libopencv_imgproc.2.4.9.dylib */; };
		EB6DCCCE1990D3DF0037F627 /* libopencv_imgproc.2.4.dylib in Frameworks */ = {isa = PBXBuildFile; fileRef = EB6DCC971990D3DF0037F627 /* libopencv_imgproc.2.4.dylib */; };
		EB6DCCCF1990D3DF0037F627 /* libopencv_imgproc.dylib in Frameworks */ = {isa = PBXBuildFile; fileRef = EB6DCC981990D3DF0037F627 /* libopencv_imgproc.dylib */; };
		EB6DCCD01990D3DF0037F627 /* libopencv_legacy.2.4.9.dylib in Frameworks */ = {isa = PBXBuildFile; fileRef = EB6DCC991990D3DF0037F627 /* libopencv_legacy.2.4.9.dylib */; };
		EB6DCCD11990D3DF0037F627 /* libopencv_legacy.2.4.dylib in Frameworks */ = {isa = PBXBuildFile; fileRef = EB6DCC9A1990D3DF0037F627 /* libopencv_legacy.2.4.dylib */; };
		EB6DCCD21990D3DF0037F627 /* libopencv_legacy.dylib in Frameworks */ = {isa = PBXBuildFile; fileRef = EB6DCC9B1990D3DF0037F627 /* libopencv_legacy.dylib */; };
		EB6DCCD31990D3DF0037F627 /* libopencv_ml.2.4.9.dylib in Frameworks */ = {isa = PBXBuildFile; fileRef = EB6DCC9C1990D3DF0037F627 /* libopencv_ml.2.4.9.dylib */; };
		EB6DCCD41990D3DF0037F627 /* libopencv_ml.2.4.dylib in Frameworks */ = {isa = PBXBuildFile; fileRef = EB6DCC9D1990D3DF0037F627 /* libopencv_ml.2.4.dylib */; };
		EB6DCCD51990D3DF0037F627 /* libopencv_ml.dylib in Frameworks */ = {isa = PBXBuildFile; fileRef = EB6DCC9E1990D3DF0037F627 /* libopencv_ml.dylib */; };
		EB6DCCD61990D3DF0037F627 /* libopencv_nonfree.2.4.9.dylib in Frameworks */ = {isa = PBXBuildFile; fileRef = EB6DCC9F1990D3DF0037F627 /* libopencv_nonfree.2.4.9.dylib */; };
		EB6DCCD71990D3DF0037F627 /* libopencv_nonfree.2.4.dylib in Frameworks */ = {isa = PBXBuildFile; fileRef = EB6DCCA01990D3DF0037F627 /* libopencv_nonfree.2.4.dylib */; };
		EB6DCCD81990D3DF0037F627 /* libopencv_nonfree.dylib in Frameworks */ = {isa = PBXBuildFile; fileRef = EB6DCCA11990D3DF0037F627 /* libopencv_nonfree.dylib */; };
		EB6DCCD91990D3DF0037F627 /* libopencv_objdetect.2.4.9.dylib in Frameworks */ = {isa = PBXBuildFile; fileRef = EB6DCCA21990D3DF0037F627 /* libopencv_objdetect.2.4.9.dylib */; };
		EB6DCCDA1990D3DF0037F627 /* libopencv_objdetect.2.4.dylib in Frameworks */ = {isa = PBXBuildFile; fileRef = EB6DCCA31990D3DF0037F627 /* libopencv_objdetect.2.4.dylib */; };
		EB6DCCDB1990D3DF0037F627 /* libopencv_objdetect.dylib in Frameworks */ = {isa = PBXBuildFile; fileRef = EB6DCCA41990D3DF0037F627 /* libopencv_objdetect.dylib */; };
		EB6DCCDC1990D3DF0037F627 /* libopencv_ocl.2.4.9.dylib in Frameworks */ = {isa = PBXBuildFile; fileRef = EB6DCCA51990D3DF0037F627 /* libopencv_ocl.2.4.9.dylib */; };
		EB6DCCDD1990D3DF0037F627 /* libopencv_ocl.2.4.dylib in Frameworks */ = {isa = PBXBuildFile; fileRef = EB6DCCA61990D3DF0037F627 /* libopencv_ocl.2.4.dylib */; };
		EB6DCCDE1990D3DF0037F627 /* libopencv_ocl.dylib in Frameworks */ = {isa = PBXBuildFile; fileRef = EB6DCCA71990D3DF0037F627 /* libopencv_ocl.dylib */; };
		EB6DCCDF1990D3DF0037F627 /* libopencv_photo.2.4.9.dylib in Frameworks */ = {isa = PBXBuildFile; fileRef = EB6DCCA81990D3DF0037F627 /* libopencv_photo.2.4.9.dylib */; };
		EB6DCCE01990D3DF0037F627 /* libopencv_photo.2.4.dylib in Frameworks */ = {isa = PBXBuildFile; fileRef = EB6DCCA91990D3DF0037F627 /* libopencv_photo.2.4.dylib */; };
		EB6DCCE11990D3DF0037F627 /* libopencv_photo.dylib in Frameworks */ = {isa = PBXBuildFile; fileRef = EB6DCCAA1990D3DF0037F627 /* libopencv_photo.dylib */; };
		EB6DCCE21990D3DF0037F627 /* libopencv_stitching.2.4.9.dylib in Frameworks */ = {isa = PBXBuildFile; fileRef = EB6DCCAB1990D3DF0037F627 /* libopencv_stitching.2.4.9.dylib */; };
		EB6DCCE31990D3DF0037F627 /* libopencv_stitching.2.4.dylib in Frameworks */ = {isa = PBXBuildFile; fileRef = EB6DCCAC1990D3DF0037F627 /* libopencv_stitching.2.4.dylib */; };
		EB6DCCE41990D3DF0037F627 /* libopencv_stitching.dylib in Frameworks */ = {isa = PBXBuildFile; fileRef = EB6DCCAD1990D3DF0037F627 /* libopencv_stitching.dylib */; };
		EB6DCCE51990D3DF0037F627 /* libopencv_superres.2.4.9.dylib in Frameworks */ = {isa = PBXBuildFile; fileRef = EB6DCCAE1990D3DF0037F627 /* libopencv_superres.2.4.9.dylib */; };
		EB6DCCE61990D3DF0037F627 /* libopencv_superres.2.4.dylib in Frameworks */ = {isa = PBXBuildFile; fileRef = EB6DCCAF1990D3DF0037F627 /* libopencv_superres.2.4.dylib */; };
		EB6DCCE71990D3DF0037F627 /* libopencv_superres.dylib in Frameworks */ = {isa = PBXBuildFile; fileRef = EB6DCCB01990D3DF0037F627 /* libopencv_superres.dylib */; };
		EB6DCCE81990D3DF0037F627 /* libopencv_ts.a in Frameworks */ = {isa = PBXBuildFile; fileRef = EB6DCCB11990D3DF0037F627 /* libopencv_ts.a */; };
		EB6DCCE91990D3DF0037F627 /* libopencv_video.2.4.9.dylib in Frameworks */ = {isa = PBXBuildFile; fileRef = EB6DCCB21990D3DF0037F627 /* libopencv_video.2.4.9.dylib */; };
		EB6DCCEA1990D3DF0037F627 /* libopencv_video.2.4.dylib in Frameworks */ = {isa = PBXBuildFile; fileRef = EB6DCCB31990D3DF0037F627 /* libopencv_video.2.4.dylib */; };
		EB6DCCEB1990D3DF0037F627 /* libopencv_video.dylib in Frameworks */ = {isa = PBXBuildFile; fileRef = EB6DCCB41990D3DF0037F627 /* libopencv_video.dylib */; };
		EB6DCCEC1990D3DF0037F627 /* libopencv_videostab.2.4.9.dylib in Frameworks */ = {isa = PBXBuildFile; fileRef = EB6DCCB51990D3DF0037F627 /* libopencv_videostab.2.4.9.dylib */; };
		EB6DCCED1990D3DF0037F627 /* libopencv_videostab.2.4.dylib in Frameworks */ = {isa = PBXBuildFile; fileRef = EB6DCCB61990D3DF0037F627 /* libopencv_videostab.2.4.dylib */; };
		EB6DCCEE1990D3DF0037F627 /* libopencv_videostab.dylib in Frameworks */ = {isa = PBXBuildFile; fileRef = EB6DCCB71990D3DF0037F627 /* libopencv_videostab.dylib */; };
		EB6DCCF11990D4950037F627 /* NSImage+IplImage.m in Sources */ = {isa = PBXBuildFile; fileRef = EB6DCCF01990D4950037F627 /* NSImage+IplImage.m */; };
		EB6DCCF81990D4AB0037F627 /* parkingLot_2_cars.jpg in Resources */ = {isa = PBXBuildFile; fileRef = EB6DCCF21990D4AB0037F627 /* parkingLot_2_cars.jpg */; };
		EB6DCCF91990D4AB0037F627 /* parkingLot_4_cars.jpg in Resources */ = {isa = PBXBuildFile; fileRef = EB6DCCF31990D4AB0037F627 /* parkingLot_4_cars.jpg */; };
		EB6DCCFA1990D4AB0037F627 /* parkingLot_numbers_2.jpg in Resources */ = {isa = PBXBuildFile; fileRef = EB6DCCF41990D4AB0037F627 /* parkingLot_numbers_2.jpg */; };
		EB6DCCFC1990D4AB0037F627 /* parkingLot_template.jpg in Resources */ = {isa = PBXBuildFile; fileRef = EB6DCCF61990D4AB0037F627 /* parkingLot_template.jpg */; };
		EB6DCD041990D4DA0037F627 /* EdgeDetection.m in Sources */ = {isa = PBXBuildFile; fileRef = EB6DCD001990D4DA0037F627 /* EdgeDetection.m */; };
		EB6DCD051990D4DA0037F627 /* ImageProcessor.m in Sources */ = {isa = PBXBuildFile; fileRef = EB6DCD021990D4DA0037F627 /* ImageProcessor.m */; };
/* End PBXBuildFile section */

/* Begin PBXContainerItemProxy section */
		EB6DCC6E1990D3960037F627 /* PBXContainerItemProxy */ = {
			isa = PBXContainerItemProxy;
			containerPortal = EB6DCC411990D3960037F627 /* Project object */;
			proxyType = 1;
			remoteGlobalIDString = EB6DCC481990D3960037F627;
			remoteInfo = AVS_ParkingLot;
		};
/* End PBXContainerItemProxy section */

/* Begin PBXFileReference section */
		E8A2A88019910E470099CEC8 /* DistServer.h */ = {isa = PBXFileReference; fileEncoding = 4; lastKnownFileType = sourcecode.c.h; path = DistServer.h; sourceTree = "<group>"; };
		E8A2A88119910E470099CEC8 /* DistServer.m */ = {isa = PBXFileReference; fileEncoding = 4; lastKnownFileType = sourcecode.c.objc; path = DistServer.m; sourceTree = "<group>"; };
		EB6DCC491990D3960037F627 /* AVS_ParkingLot.app */ = {isa = PBXFileReference; explicitFileType = wrapper.application; includeInIndex = 0; path = AVS_ParkingLot.app; sourceTree = BUILT_PRODUCTS_DIR; };
		EB6DCC4C1990D3960037F627 /* Cocoa.framework */ = {isa = PBXFileReference; lastKnownFileType = wrapper.framework; name = Cocoa.framework; path = System/Library/Frameworks/Cocoa.framework; sourceTree = SDKROOT; };
		EB6DCC4F1990D3960037F627 /* AppKit.framework */ = {isa = PBXFileReference; lastKnownFileType = wrapper.framework; name = AppKit.framework; path = System/Library/Frameworks/AppKit.framework; sourceTree = SDKROOT; };
		EB6DCC501990D3960037F627 /* CoreData.framework */ = {isa = PBXFileReference; lastKnownFileType = wrapper.framework; name = CoreData.framework; path = System/Library/Frameworks/CoreData.framework; sourceTree = SDKROOT; };
		EB6DCC511990D3960037F627 /* Foundation.framework */ = {isa = PBXFileReference; lastKnownFileType = wrapper.framework; name = Foundation.framework; path = System/Library/Frameworks/Foundation.framework; sourceTree = SDKROOT; };
		EB6DCC541990D3960037F627 /* AVS_ParkingLot-Info.plist */ = {isa = PBXFileReference; lastKnownFileType = text.plist.xml; path = "AVS_ParkingLot-Info.plist"; sourceTree = "<group>"; };
		EB6DCC561990D3960037F627 /* en */ = {isa = PBXFileReference; lastKnownFileType = text.plist.strings; name = en; path = en.lproj/InfoPlist.strings; sourceTree = "<group>"; };
		EB6DCC581990D3960037F627 /* main.m */ = {isa = PBXFileReference; lastKnownFileType = sourcecode.c.objc; path = main.m; sourceTree = "<group>"; };
		EB6DCC5A1990D3960037F627 /* AVS_ParkingLot-Prefix.pch */ = {isa = PBXFileReference; lastKnownFileType = sourcecode.c.h; path = "AVS_ParkingLot-Prefix.pch"; sourceTree = "<group>"; };
		EB6DCC5C1990D3960037F627 /* en */ = {isa = PBXFileReference; lastKnownFileType = text.rtf; name = en; path = en.lproj/Credits.rtf; sourceTree = "<group>"; };
		EB6DCC5E1990D3960037F627 /* AppDelegate.h */ = {isa = PBXFileReference; lastKnownFileType = sourcecode.c.h; path = AppDelegate.h; sourceTree = "<group>"; };
		EB6DCC5F1990D3960037F627 /* AppDelegate.m */ = {isa = PBXFileReference; lastKnownFileType = sourcecode.c.objc; path = AppDelegate.m; sourceTree = "<group>"; };
		EB6DCC621990D3960037F627 /* Base */ = {isa = PBXFileReference; lastKnownFileType = file.xib; name = Base; path = Base.lproj/MainMenu.xib; sourceTree = "<group>"; };
		EB6DCC641990D3960037F627 /* Images.xcassets */ = {isa = PBXFileReference; lastKnownFileType = folder.assetcatalog; path = Images.xcassets; sourceTree = "<group>"; };
		EB6DCC6A1990D3960037F627 /* AVS_ParkingLotTests.xctest */ = {isa = PBXFileReference; explicitFileType = wrapper.cfbundle; includeInIndex = 0; path = AVS_ParkingLotTests.xctest; sourceTree = BUILT_PRODUCTS_DIR; };
		EB6DCC6B1990D3960037F627 /* XCTest.framework */ = {isa = PBXFileReference; lastKnownFileType = wrapper.framework; name = XCTest.framework; path = Library/Frameworks/XCTest.framework; sourceTree = DEVELOPER_DIR; };
		EB6DCC721990D3960037F627 /* AVS_ParkingLotTests-Info.plist */ = {isa = PBXFileReference; lastKnownFileType = text.plist.xml; path = "AVS_ParkingLotTests-Info.plist"; sourceTree = "<group>"; };
		EB6DCC741990D3960037F627 /* en */ = {isa = PBXFileReference; lastKnownFileType = text.plist.strings; name = en; path = en.lproj/InfoPlist.strings; sourceTree = "<group>"; };
		EB6DCC761990D3960037F627 /* AVS_ParkingLotTests.m */ = {isa = PBXFileReference; lastKnownFileType = sourcecode.c.objc; path = AVS_ParkingLotTests.m; sourceTree = "<group>"; };
		EB6DCC811990D3DF0037F627 /* libopencv_calib3d.2.4.9.dylib */ = {isa = PBXFileReference; lastKnownFileType = "compiled.mach-o.dylib"; name = libopencv_calib3d.2.4.9.dylib; path = ../../../../usr/local/lib/libopencv_calib3d.2.4.9.dylib; sourceTree = "<group>"; };
		EB6DCC821990D3DF0037F627 /* libopencv_calib3d.2.4.dylib */ = {isa = PBXFileReference; lastKnownFileType = "compiled.mach-o.dylib"; name = libopencv_calib3d.2.4.dylib; path = ../../../../usr/local/lib/libopencv_calib3d.2.4.dylib; sourceTree = "<group>"; };
		EB6DCC831990D3DF0037F627 /* libopencv_calib3d.dylib */ = {isa = PBXFileReference; lastKnownFileType = "compiled.mach-o.dylib"; name = libopencv_calib3d.dylib; path = ../../../../usr/local/lib/libopencv_calib3d.dylib; sourceTree = "<group>"; };
		EB6DCC841990D3DF0037F627 /* libopencv_contrib.2.4.9.dylib */ = {isa = PBXFileReference; lastKnownFileType = "compiled.mach-o.dylib"; name = libopencv_contrib.2.4.9.dylib; path = ../../../../usr/local/lib/libopencv_contrib.2.4.9.dylib; sourceTree = "<group>"; };
		EB6DCC851990D3DF0037F627 /* libopencv_contrib.2.4.dylib */ = {isa = PBXFileReference; lastKnownFileType = "compiled.mach-o.dylib"; name = libopencv_contrib.2.4.dylib; path = ../../../../usr/local/lib/libopencv_contrib.2.4.dylib; sourceTree = "<group>"; };
		EB6DCC861990D3DF0037F627 /* libopencv_contrib.dylib */ = {isa = PBXFileReference; lastKnownFileType = "compiled.mach-o.dylib"; name = libopencv_contrib.dylib; path = ../../../../usr/local/lib/libopencv_contrib.dylib; sourceTree = "<group>"; };
		EB6DCC871990D3DF0037F627 /* libopencv_core.2.4.9.dylib */ = {isa = PBXFileReference; lastKnownFileType = "compiled.mach-o.dylib"; name = libopencv_core.2.4.9.dylib; path = ../../../../usr/local/lib/libopencv_core.2.4.9.dylib; sourceTree = "<group>"; };
		EB6DCC881990D3DF0037F627 /* libopencv_core.2.4.dylib */ = {isa = PBXFileReference; lastKnownFileType = "compiled.mach-o.dylib"; name = libopencv_core.2.4.dylib; path = ../../../../usr/local/lib/libopencv_core.2.4.dylib; sourceTree = "<group>"; };
		EB6DCC891990D3DF0037F627 /* libopencv_core.dylib */ = {isa = PBXFileReference; lastKnownFileType = "compiled.mach-o.dylib"; name = libopencv_core.dylib; path = ../../../../usr/local/lib/libopencv_core.dylib; sourceTree = "<group>"; };
		EB6DCC8A1990D3DF0037F627 /* libopencv_features2d.2.4.9.dylib */ = {isa = PBXFileReference; lastKnownFileType = "compiled.mach-o.dylib"; name = libopencv_features2d.2.4.9.dylib; path = ../../../../usr/local/lib/libopencv_features2d.2.4.9.dylib; sourceTree = "<group>"; };
		EB6DCC8B1990D3DF0037F627 /* libopencv_features2d.2.4.dylib */ = {isa = PBXFileReference; lastKnownFileType = "compiled.mach-o.dylib"; name = libopencv_features2d.2.4.dylib; path = ../../../../usr/local/lib/libopencv_features2d.2.4.dylib; sourceTree = "<group>"; };
		EB6DCC8C1990D3DF0037F627 /* libopencv_features2d.dylib */ = {isa = PBXFileReference; lastKnownFileType = "compiled.mach-o.dylib"; name = libopencv_features2d.dylib; path = ../../../../usr/local/lib/libopencv_features2d.dylib; sourceTree = "<group>"; };
		EB6DCC8D1990D3DF0037F627 /* libopencv_flann.2.4.9.dylib */ = {isa = PBXFileReference; lastKnownFileType = "compiled.mach-o.dylib"; name = libopencv_flann.2.4.9.dylib; path = ../../../../usr/local/lib/libopencv_flann.2.4.9.dylib; sourceTree = "<group>"; };
		EB6DCC8E1990D3DF0037F627 /* libopencv_flann.2.4.dylib */ = {isa = PBXFileReference; lastKnownFileType = "compiled.mach-o.dylib"; name = libopencv_flann.2.4.dylib; path = ../../../../usr/local/lib/libopencv_flann.2.4.dylib; sourceTree = "<group>"; };
		EB6DCC8F1990D3DF0037F627 /* libopencv_flann.dylib */ = {isa = PBXFileReference; lastKnownFileType = "compiled.mach-o.dylib"; name = libopencv_flann.dylib; path = ../../../../usr/local/lib/libopencv_flann.dylib; sourceTree = "<group>"; };
		EB6DCC901990D3DF0037F627 /* libopencv_gpu.2.4.9.dylib */ = {isa = PBXFileReference; lastKnownFileType = "compiled.mach-o.dylib"; name = libopencv_gpu.2.4.9.dylib; path = ../../../../usr/local/lib/libopencv_gpu.2.4.9.dylib; sourceTree = "<group>"; };
		EB6DCC911990D3DF0037F627 /* libopencv_gpu.2.4.dylib */ = {isa = PBXFileReference; lastKnownFileType = "compiled.mach-o.dylib"; name = libopencv_gpu.2.4.dylib; path = ../../../../usr/local/lib/libopencv_gpu.2.4.dylib; sourceTree = "<group>"; };
		EB6DCC921990D3DF0037F627 /* libopencv_gpu.dylib */ = {isa = PBXFileReference; lastKnownFileType = "compiled.mach-o.dylib"; name = libopencv_gpu.dylib; path = ../../../../usr/local/lib/libopencv_gpu.dylib; sourceTree = "<group>"; };
		EB6DCC931990D3DF0037F627 /* libopencv_highgui.2.4.9.dylib */ = {isa = PBXFileReference; lastKnownFileType = "compiled.mach-o.dylib"; name = libopencv_highgui.2.4.9.dylib; path = ../../../../usr/local/lib/libopencv_highgui.2.4.9.dylib; sourceTree = "<group>"; };
		EB6DCC941990D3DF0037F627 /* libopencv_highgui.2.4.dylib */ = {isa = PBXFileReference; lastKnownFileType = "compiled.mach-o.dylib"; name = libopencv_highgui.2.4.dylib; path = ../../../../usr/local/lib/libopencv_highgui.2.4.dylib; sourceTree = "<group>"; };
		EB6DCC951990D3DF0037F627 /* libopencv_highgui.dylib */ = {isa = PBXFileReference; lastKnownFileType = "compiled.mach-o.dylib"; name = libopencv_highgui.dylib; path = ../../../../usr/local/lib/libopencv_highgui.dylib; sourceTree = "<group>"; };
		EB6DCC961990D3DF0037F627 /* libopencv_imgproc.2.4.9.dylib */ = {isa = PBXFileReference; lastKnownFileType = "compiled.mach-o.dylib"; name = libopencv_imgproc.2.4.9.dylib; path = ../../../../usr/local/lib/libopencv_imgproc.2.4.9.dylib; sourceTree = "<group>"; };
		EB6DCC971990D3DF0037F627 /* libopencv_imgproc.2.4.dylib */ = {isa = PBXFileReference; lastKnownFileType = "compiled.mach-o.dylib"; name = libopencv_imgproc.2.4.dylib; path = ../../../../usr/local/lib/libopencv_imgproc.2.4.dylib; sourceTree = "<group>"; };
		EB6DCC981990D3DF0037F627 /* libopencv_imgproc.dylib */ = {isa = PBXFileReference; lastKnownFileType = "compiled.mach-o.dylib"; name = libopencv_imgproc.dylib; path = ../../../../usr/local/lib/libopencv_imgproc.dylib; sourceTree = "<group>"; };
		EB6DCC991990D3DF0037F627 /* libopencv_legacy.2.4.9.dylib */ = {isa = PBXFileReference; lastKnownFileType = "compiled.mach-o.dylib"; name = libopencv_legacy.2.4.9.dylib; path = ../../../../usr/local/lib/libopencv_legacy.2.4.9.dylib; sourceTree = "<group>"; };
		EB6DCC9A1990D3DF0037F627 /* libopencv_legacy.2.4.dylib */ = {isa = PBXFileReference; lastKnownFileType = "compiled.mach-o.dylib"; name = libopencv_legacy.2.4.dylib; path = ../../../../usr/local/lib/libopencv_legacy.2.4.dylib; sourceTree = "<group>"; };
		EB6DCC9B1990D3DF0037F627 /* libopencv_legacy.dylib */ = {isa = PBXFileReference; lastKnownFileType = "compiled.mach-o.dylib"; name = libopencv_legacy.dylib; path = ../../../../usr/local/lib/libopencv_legacy.dylib; sourceTree = "<group>"; };
		EB6DCC9C1990D3DF0037F627 /* libopencv_ml.2.4.9.dylib */ = {isa = PBXFileReference; lastKnownFileType = "compiled.mach-o.dylib"; name = libopencv_ml.2.4.9.dylib; path = ../../../../usr/local/lib/libopencv_ml.2.4.9.dylib; sourceTree = "<group>"; };
		EB6DCC9D1990D3DF0037F627 /* libopencv_ml.2.4.dylib */ = {isa = PBXFileReference; lastKnownFileType = "compiled.mach-o.dylib"; name = libopencv_ml.2.4.dylib; path = ../../../../usr/local/lib/libopencv_ml.2.4.dylib; sourceTree = "<group>"; };
		EB6DCC9E1990D3DF0037F627 /* libopencv_ml.dylib */ = {isa = PBXFileReference; lastKnownFileType = "compiled.mach-o.dylib"; name = libopencv_ml.dylib; path = ../../../../usr/local/lib/libopencv_ml.dylib; sourceTree = "<group>"; };
		EB6DCC9F1990D3DF0037F627 /* libopencv_nonfree.2.4.9.dylib */ = {isa = PBXFileReference; lastKnownFileType = "compiled.mach-o.dylib"; name = libopencv_nonfree.2.4.9.dylib; path = ../../../../usr/local/lib/libopencv_nonfree.2.4.9.dylib; sourceTree = "<group>"; };
		EB6DCCA01990D3DF0037F627 /* libopencv_nonfree.2.4.dylib */ = {isa = PBXFileReference; lastKnownFileType = "compiled.mach-o.dylib"; name = libopencv_nonfree.2.4.dylib; path = ../../../../usr/local/lib/libopencv_nonfree.2.4.dylib; sourceTree = "<group>"; };
		EB6DCCA11990D3DF0037F627 /* libopencv_nonfree.dylib */ = {isa = PBXFileReference; lastKnownFileType = "compiled.mach-o.dylib"; name = libopencv_nonfree.dylib; path = ../../../../usr/local/lib/libopencv_nonfree.dylib; sourceTree = "<group>"; };
		EB6DCCA21990D3DF0037F627 /* libopencv_objdetect.2.4.9.dylib */ = {isa = PBXFileReference; lastKnownFileType = "compiled.mach-o.dylib"; name = libopencv_objdetect.2.4.9.dylib; path = ../../../../usr/local/lib/libopencv_objdetect.2.4.9.dylib; sourceTree = "<group>"; };
		EB6DCCA31990D3DF0037F627 /* libopencv_objdetect.2.4.dylib */ = {isa = PBXFileReference; lastKnownFileType = "compiled.mach-o.dylib"; name = libopencv_objdetect.2.4.dylib; path = ../../../../usr/local/lib/libopencv_objdetect.2.4.dylib; sourceTree = "<group>"; };
		EB6DCCA41990D3DF0037F627 /* libopencv_objdetect.dylib */ = {isa = PBXFileReference; lastKnownFileType = "compiled.mach-o.dylib"; name = libopencv_objdetect.dylib; path = ../../../../usr/local/lib/libopencv_objdetect.dylib; sourceTree = "<group>"; };
		EB6DCCA51990D3DF0037F627 /* libopencv_ocl.2.4.9.dylib */ = {isa = PBXFileReference; lastKnownFileType = "compiled.mach-o.dylib"; name = libopencv_ocl.2.4.9.dylib; path = ../../../../usr/local/lib/libopencv_ocl.2.4.9.dylib; sourceTree = "<group>"; };
		EB6DCCA61990D3DF0037F627 /* libopencv_ocl.2.4.dylib */ = {isa = PBXFileReference; lastKnownFileType = "compiled.mach-o.dylib"; name = libopencv_ocl.2.4.dylib; path = ../../../../usr/local/lib/libopencv_ocl.2.4.dylib; sourceTree = "<group>"; };
		EB6DCCA71990D3DF0037F627 /* libopencv_ocl.dylib */ = {isa = PBXFileReference; lastKnownFileType = "compiled.mach-o.dylib"; name = libopencv_ocl.dylib; path = ../../../../usr/local/lib/libopencv_ocl.dylib; sourceTree = "<group>"; };
		EB6DCCA81990D3DF0037F627 /* libopencv_photo.2.4.9.dylib */ = {isa = PBXFileReference; lastKnownFileType = "compiled.mach-o.dylib"; name = libopencv_photo.2.4.9.dylib; path = ../../../../usr/local/lib/libopencv_photo.2.4.9.dylib; sourceTree = "<group>"; };
		EB6DCCA91990D3DF0037F627 /* libopencv_photo.2.4.dylib */ = {isa = PBXFileReference; lastKnownFileType = "compiled.mach-o.dylib"; name = libopencv_photo.2.4.dylib; path = ../../../../usr/local/lib/libopencv_photo.2.4.dylib; sourceTree = "<group>"; };
		EB6DCCAA1990D3DF0037F627 /* libopencv_photo.dylib */ = {isa = PBXFileReference; lastKnownFileType = "compiled.mach-o.dylib"; name = libopencv_photo.dylib; path = ../../../../usr/local/lib/libopencv_photo.dylib; sourceTree = "<group>"; };
		EB6DCCAB1990D3DF0037F627 /* libopencv_stitching.2.4.9.dylib */ = {isa = PBXFileReference; lastKnownFileType = "compiled.mach-o.dylib"; name = libopencv_stitching.2.4.9.dylib; path = ../../../../usr/local/lib/libopencv_stitching.2.4.9.dylib; sourceTree = "<group>"; };
		EB6DCCAC1990D3DF0037F627 /* libopencv_stitching.2.4.dylib */ = {isa = PBXFileReference; lastKnownFileType = "compiled.mach-o.dylib"; name = libopencv_stitching.2.4.dylib; path = ../../../../usr/local/lib/libopencv_stitching.2.4.dylib; sourceTree = "<group>"; };
		EB6DCCAD1990D3DF0037F627 /* libopencv_stitching.dylib */ = {isa = PBXFileReference; lastKnownFileType = "compiled.mach-o.dylib"; name = libopencv_stitching.dylib; path = ../../../../usr/local/lib/libopencv_stitching.dylib; sourceTree = "<group>"; };
		EB6DCCAE1990D3DF0037F627 /* libopencv_superres.2.4.9.dylib */ = {isa = PBXFileReference; lastKnownFileType = "compiled.mach-o.dylib"; name = libopencv_superres.2.4.9.dylib; path = ../../../../usr/local/lib/libopencv_superres.2.4.9.dylib; sourceTree = "<group>"; };
		EB6DCCAF1990D3DF0037F627 /* libopencv_superres.2.4.dylib */ = {isa = PBXFileReference; lastKnownFileType = "compiled.mach-o.dylib"; name = libopencv_superres.2.4.dylib; path = ../../../../usr/local/lib/libopencv_superres.2.4.dylib; sourceTree = "<group>"; };
		EB6DCCB01990D3DF0037F627 /* libopencv_superres.dylib */ = {isa = PBXFileReference; lastKnownFileType = "compiled.mach-o.dylib"; name = libopencv_superres.dylib; path = ../../../../usr/local/lib/libopencv_superres.dylib; sourceTree = "<group>"; };
		EB6DCCB11990D3DF0037F627 /* libopencv_ts.a */ = {isa = PBXFileReference; lastKnownFileType = archive.ar; name = libopencv_ts.a; path = ../../../../usr/local/lib/libopencv_ts.a; sourceTree = "<group>"; };
		EB6DCCB21990D3DF0037F627 /* libopencv_video.2.4.9.dylib */ = {isa = PBXFileReference; lastKnownFileType = "compiled.mach-o.dylib"; name = libopencv_video.2.4.9.dylib; path = ../../../../usr/local/lib/libopencv_video.2.4.9.dylib; sourceTree = "<group>"; };
		EB6DCCB31990D3DF0037F627 /* libopencv_video.2.4.dylib */ = {isa = PBXFileReference; lastKnownFileType = "compiled.mach-o.dylib"; name = libopencv_video.2.4.dylib; path = ../../../../usr/local/lib/libopencv_video.2.4.dylib; sourceTree = "<group>"; };
		EB6DCCB41990D3DF0037F627 /* libopencv_video.dylib */ = {isa = PBXFileReference; lastKnownFileType = "compiled.mach-o.dylib"; name = libopencv_video.dylib; path = ../../../../usr/local/lib/libopencv_video.dylib; sourceTree = "<group>"; };
		EB6DCCB51990D3DF0037F627 /* libopencv_videostab.2.4.9.dylib */ = {isa = PBXFileReference; lastKnownFileType = "compiled.mach-o.dylib"; name = libopencv_videostab.2.4.9.dylib; path = ../../../../usr/local/lib/libopencv_videostab.2.4.9.dylib; sourceTree = "<group>"; };
		EB6DCCB61990D3DF0037F627 /* libopencv_videostab.2.4.dylib */ = {isa = PBXFileReference; lastKnownFileType = "compiled.mach-o.dylib"; name = libopencv_videostab.2.4.dylib; path = ../../../../usr/local/lib/libopencv_videostab.2.4.dylib; sourceTree = "<group>"; };
		EB6DCCB71990D3DF0037F627 /* libopencv_videostab.dylib */ = {isa = PBXFileReference; lastKnownFileType = "compiled.mach-o.dylib"; name = libopencv_videostab.dylib; path = ../../../../usr/local/lib/libopencv_videostab.dylib; sourceTree = "<group>"; };
		EB6DCCEF1990D4950037F627 /* NSImage+IplImage.h */ = {isa = PBXFileReference; fileEncoding = 4; lastKnownFileType = sourcecode.c.h; path = "NSImage+IplImage.h"; sourceTree = "<group>"; };
		EB6DCCF01990D4950037F627 /* NSImage+IplImage.m */ = {isa = PBXFileReference; fileEncoding = 4; lastKnownFileType = sourcecode.c.objc; path = "NSImage+IplImage.m"; sourceTree = "<group>"; };
		EB6DCCF21990D4AB0037F627 /* parkingLot_2_cars.jpg */ = {isa = PBXFileReference; lastKnownFileType = image.jpeg; path = parkingLot_2_cars.jpg; sourceTree = "<group>"; };
		EB6DCCF31990D4AB0037F627 /* parkingLot_4_cars.jpg */ = {isa = PBXFileReference; lastKnownFileType = image.jpeg; path = parkingLot_4_cars.jpg; sourceTree = "<group>"; };
		EB6DCCF41990D4AB0037F627 /* parkingLot_numbers_2.jpg */ = {isa = PBXFileReference; lastKnownFileType = image.jpeg; path = parkingLot_numbers_2.jpg; sourceTree = "<group>"; };
		EB6DCCF61990D4AB0037F627 /* parkingLot_template.jpg */ = {isa = PBXFileReference; lastKnownFileType = image.jpeg; path = parkingLot_template.jpg; sourceTree = "<group>"; };
		EB6DCCFF1990D4DA0037F627 /* EdgeDetection.h */ = {isa = PBXFileReference; fileEncoding = 4; lastKnownFileType = sourcecode.c.h; path = EdgeDetection.h; sourceTree = "<group>"; };
		EB6DCD001990D4DA0037F627 /* EdgeDetection.m */ = {isa = PBXFileReference; fileEncoding = 4; lastKnownFileType = sourcecode.c.objc; path = EdgeDetection.m; sourceTree = "<group>"; };
		EB6DCD011990D4DA0037F627 /* ImageProcessor.h */ = {isa = PBXFileReference; fileEncoding = 4; lastKnownFileType = sourcecode.c.h; path = ImageProcessor.h; sourceTree = "<group>"; };
		EB6DCD021990D4DA0037F627 /* ImageProcessor.m */ = {isa = PBXFileReference; fileEncoding = 4; lastKnownFileType = sourcecode.c.objc; path = ImageProcessor.m; sourceTree = "<group>"; };
		EB6DCD031990D4DA0037F627 /* ImageShower.h */ = {isa = PBXFileReference; fileEncoding = 4; lastKnownFileType = sourcecode.c.h; path = ImageShower.h; sourceTree = "<group>"; };
/* End PBXFileReference section */

/* Begin PBXFrameworksBuildPhase section */
		EB6DCC461990D3960037F627 /* Frameworks */ = {
			isa = PBXFrameworksBuildPhase;
			buildActionMask = 2147483647;
			files = (
				EB6DCCD41990D3DF0037F627 /* libopencv_ml.2.4.dylib in Frameworks */,
				EB6DCCEA1990D3DF0037F627 /* libopencv_video.2.4.dylib in Frameworks */,
				EB6DCCE41990D3DF0037F627 /* libopencv_stitching.dylib in Frameworks */,
				EB6DCCE91990D3DF0037F627 /* libopencv_video.2.4.9.dylib in Frameworks */,
				EB6DCCBA1990D3DF0037F627 /* libopencv_calib3d.dylib in Frameworks */,
				EB6DCCB91990D3DF0037F627 /* libopencv_calib3d.2.4.dylib in Frameworks */,
				EB6DCCCA1990D3DF0037F627 /* libopencv_highgui.2.4.9.dylib in Frameworks */,
				EB6DCCDE1990D3DF0037F627 /* libopencv_ocl.dylib in Frameworks */,
				EB6DCCCF1990D3DF0037F627 /* libopencv_imgproc.dylib in Frameworks */,
				EB6DCCCC1990D3DF0037F627 /* libopencv_highgui.dylib in Frameworks */,
				EB6DCCD51990D3DF0037F627 /* libopencv_ml.dylib in Frameworks */,
				EB6DCCDC1990D3DF0037F627 /* libopencv_ocl.2.4.9.dylib in Frameworks */,
				EB6DCCD91990D3DF0037F627 /* libopencv_objdetect.2.4.9.dylib in Frameworks */,
				EB6DCCEE1990D3DF0037F627 /* libopencv_videostab.dylib in Frameworks */,
				EB6DCCE81990D3DF0037F627 /* libopencv_ts.a in Frameworks */,
				EB6DCCBB1990D3DF0037F627 /* libopencv_contrib.2.4.9.dylib in Frameworks */,
				EB6DCCE31990D3DF0037F627 /* libopencv_stitching.2.4.dylib in Frameworks */,
				EB6DCCBF1990D3DF0037F627 /* libopencv_core.2.4.dylib in Frameworks */,
				EB6DCCC21990D3DF0037F627 /* libopencv_features2d.2.4.dylib in Frameworks */,
				EB6DCCD11990D3DF0037F627 /* libopencv_legacy.2.4.dylib in Frameworks */,
				EB6DCCCB1990D3DF0037F627 /* libopencv_highgui.2.4.dylib in Frameworks */,
				EB6DCCC31990D3DF0037F627 /* libopencv_features2d.dylib in Frameworks */,
				EB6DCCEB1990D3DF0037F627 /* libopencv_video.dylib in Frameworks */,
				EB6DCCCE1990D3DF0037F627 /* libopencv_imgproc.2.4.dylib in Frameworks */,
				EB6DCCE71990D3DF0037F627 /* libopencv_superres.dylib in Frameworks */,
				EB6DCCDF1990D3DF0037F627 /* libopencv_photo.2.4.9.dylib in Frameworks */,
				EB6DCCC81990D3DF0037F627 /* libopencv_gpu.2.4.dylib in Frameworks */,
				EB6DCCED1990D3DF0037F627 /* libopencv_videostab.2.4.dylib in Frameworks */,
				EB6DCCCD1990D3DF0037F627 /* libopencv_imgproc.2.4.9.dylib in Frameworks */,
				EB6DCCBC1990D3DF0037F627 /* libopencv_contrib.2.4.dylib in Frameworks */,
				EB6DCCD71990D3DF0037F627 /* libopencv_nonfree.2.4.dylib in Frameworks */,
				EB6DCCE01990D3DF0037F627 /* libopencv_photo.2.4.dylib in Frameworks */,
				EB6DCCC61990D3DF0037F627 /* libopencv_flann.dylib in Frameworks */,
				EB6DCCE11990D3DF0037F627 /* libopencv_photo.dylib in Frameworks */,
				EB6DCCD01990D3DF0037F627 /* libopencv_legacy.2.4.9.dylib in Frameworks */,
				EB6DCCC91990D3DF0037F627 /* libopencv_gpu.dylib in Frameworks */,
				EB6DCCC51990D3DF0037F627 /* libopencv_flann.2.4.dylib in Frameworks */,
				EB6DCCC11990D3DF0037F627 /* libopencv_features2d.2.4.9.dylib in Frameworks */,
				EB6DCCD61990D3DF0037F627 /* libopencv_nonfree.2.4.9.dylib in Frameworks */,
				EB6DCCD31990D3DF0037F627 /* libopencv_ml.2.4.9.dylib in Frameworks */,
				EB6DCC4D1990D3960037F627 /* Cocoa.framework in Frameworks */,
				EB6DCCE21990D3DF0037F627 /* libopencv_stitching.2.4.9.dylib in Frameworks */,
				EB6DCCDB1990D3DF0037F627 /* libopencv_objdetect.dylib in Frameworks */,
				EB6DCCC01990D3DF0037F627 /* libopencv_core.dylib in Frameworks */,
				EB6DCCC41990D3DF0037F627 /* libopencv_flann.2.4.9.dylib in Frameworks */,
				EB6DCCC71990D3DF0037F627 /* libopencv_gpu.2.4.9.dylib in Frameworks */,
				EB6DCCBD1990D3DF0037F627 /* libopencv_contrib.dylib in Frameworks */,
				EB6DCCB81990D3DF0037F627 /* libopencv_calib3d.2.4.9.dylib in Frameworks */,
				EB6DCCD21990D3DF0037F627 /* libopencv_legacy.dylib in Frameworks */,
				EB6DCCE61990D3DF0037F627 /* libopencv_superres.2.4.dylib in Frameworks */,
				EB6DCCEC1990D3DF0037F627 /* libopencv_videostab.2.4.9.dylib in Frameworks */,
				EB6DCCE51990D3DF0037F627 /* libopencv_superres.2.4.9.dylib in Frameworks */,
				EB6DCCBE1990D3DF0037F627 /* libopencv_core.2.4.9.dylib in Frameworks */,
				EB6DCCDD1990D3DF0037F627 /* libopencv_ocl.2.4.dylib in Frameworks */,
				EB6DCCDA1990D3DF0037F627 /* libopencv_objdetect.2.4.dylib in Frameworks */,
				EB6DCCD81990D3DF0037F627 /* libopencv_nonfree.dylib in Frameworks */,
			);
			runOnlyForDeploymentPostprocessing = 0;
		};
		EB6DCC671990D3960037F627 /* Frameworks */ = {
			isa = PBXFrameworksBuildPhase;
			buildActionMask = 2147483647;
			files = (
				EB6DCC6D1990D3960037F627 /* Cocoa.framework in Frameworks */,
				EB6DCC6C1990D3960037F627 /* XCTest.framework in Frameworks */,
			);
			runOnlyForDeploymentPostprocessing = 0;
		};
/* End PBXFrameworksBuildPhase section */

/* Begin PBXGroup section */
		EB6DCC401990D3960037F627 = {
			isa = PBXGroup;
			children = (
				EB6DCC801990D3C40037F627 /* opencv */,
				EB6DCC521990D3960037F627 /* AVS_ParkingLot */,
				EB6DCC701990D3960037F627 /* AVS_ParkingLotTests */,
				EB6DCC4B1990D3960037F627 /* Frameworks */,
				EB6DCC4A1990D3960037F627 /* Products */,
			);
			sourceTree = "<group>";
		};
		EB6DCC4A1990D3960037F627 /* Products */ = {
			isa = PBXGroup;
			children = (
				EB6DCC491990D3960037F627 /* AVS_ParkingLot.app */,
				EB6DCC6A1990D3960037F627 /* AVS_ParkingLotTests.xctest */,
			);
			name = Products;
			sourceTree = "<group>";
		};
		EB6DCC4B1990D3960037F627 /* Frameworks */ = {
			isa = PBXGroup;
			children = (
				EB6DCC4C1990D3960037F627 /* Cocoa.framework */,
				EB6DCC6B1990D3960037F627 /* XCTest.framework */,
				EB6DCC4E1990D3960037F627 /* Other Frameworks */,
			);
			name = Frameworks;
			sourceTree = "<group>";
		};
		EB6DCC4E1990D3960037F627 /* Other Frameworks */ = {
			isa = PBXGroup;
			children = (
				EB6DCC4F1990D3960037F627 /* AppKit.framework */,
				EB6DCC501990D3960037F627 /* CoreData.framework */,
				EB6DCC511990D3960037F627 /* Foundation.framework */,
			);
			name = "Other Frameworks";
			sourceTree = "<group>";
		};
		EB6DCC521990D3960037F627 /* AVS_ParkingLot */ = {
			isa = PBXGroup;
			children = (
				EB6DCCFE1990D4B10037F627 /* images */,
				EB6DCC5E1990D3960037F627 /* AppDelegate.h */,
				EB6DCC5F1990D3960037F627 /* AppDelegate.m */,
				EB6DCC611990D3960037F627 /* MainMenu.xib */,
				EB6DCCEF1990D4950037F627 /* NSImage+IplImage.h */,
				EB6DCCF01990D4950037F627 /* NSImage+IplImage.m */,
				EB6DCCFF1990D4DA0037F627 /* EdgeDetection.h */,
				EB6DCD001990D4DA0037F627 /* EdgeDetection.m */,
				EB6DCD011990D4DA0037F627 /* ImageProcessor.h */,
				EB6DCD021990D4DA0037F627 /* ImageProcessor.m */,
				EB6DCD031990D4DA0037F627 /* ImageShower.h */,
				EB6DCC641990D3960037F627 /* Images.xcassets */,
				EB6DCC531990D3960037F627 /* Supporting Files */,
				E8A2A88019910E470099CEC8 /* DistServer.h */,
				E8A2A88119910E470099CEC8 /* DistServer.m */,
			);
			path = AVS_ParkingLot;
			sourceTree = "<group>";
		};
		EB6DCC531990D3960037F627 /* Supporting Files */ = {
			isa = PBXGroup;
			children = (
				EB6DCC541990D3960037F627 /* AVS_ParkingLot-Info.plist */,
				EB6DCC551990D3960037F627 /* InfoPlist.strings */,
				EB6DCC581990D3960037F627 /* main.m */,
				EB6DCC5A1990D3960037F627 /* AVS_ParkingLot-Prefix.pch */,
				EB6DCC5B1990D3960037F627 /* Credits.rtf */,
			);
			name = "Supporting Files";
			sourceTree = "<group>";
		};
		EB6DCC701990D3960037F627 /* AVS_ParkingLotTests */ = {
			isa = PBXGroup;
			children = (
				EB6DCC761990D3960037F627 /* AVS_ParkingLotTests.m */,
				EB6DCC711990D3960037F627 /* Supporting Files */,
			);
			path = AVS_ParkingLotTests;
			sourceTree = "<group>";
		};
		EB6DCC711990D3960037F627 /* Supporting Files */ = {
			isa = PBXGroup;
			children = (
				EB6DCC721990D3960037F627 /* AVS_ParkingLotTests-Info.plist */,
				EB6DCC731990D3960037F627 /* InfoPlist.strings */,
			);
			name = "Supporting Files";
			sourceTree = "<group>";
		};
		EB6DCC801990D3C40037F627 /* opencv */ = {
			isa = PBXGroup;
			children = (
				EB6DCC811990D3DF0037F627 /* libopencv_calib3d.2.4.9.dylib */,
				EB6DCC821990D3DF0037F627 /* libopencv_calib3d.2.4.dylib */,
				EB6DCC831990D3DF0037F627 /* libopencv_calib3d.dylib */,
				EB6DCC841990D3DF0037F627 /* libopencv_contrib.2.4.9.dylib */,
				EB6DCC851990D3DF0037F627 /* libopencv_contrib.2.4.dylib */,
				EB6DCC861990D3DF0037F627 /* libopencv_contrib.dylib */,
				EB6DCC871990D3DF0037F627 /* libopencv_core.2.4.9.dylib */,
				EB6DCC881990D3DF0037F627 /* libopencv_core.2.4.dylib */,
				EB6DCC891990D3DF0037F627 /* libopencv_core.dylib */,
				EB6DCC8A1990D3DF0037F627 /* libopencv_features2d.2.4.9.dylib */,
				EB6DCC8B1990D3DF0037F627 /* libopencv_features2d.2.4.dylib */,
				EB6DCC8C1990D3DF0037F627 /* libopencv_features2d.dylib */,
				EB6DCC8D1990D3DF0037F627 /* libopencv_flann.2.4.9.dylib */,
				EB6DCC8E1990D3DF0037F627 /* libopencv_flann.2.4.dylib */,
				EB6DCC8F1990D3DF0037F627 /* libopencv_flann.dylib */,
				EB6DCC901990D3DF0037F627 /* libopencv_gpu.2.4.9.dylib */,
				EB6DCC911990D3DF0037F627 /* libopencv_gpu.2.4.dylib */,
				EB6DCC921990D3DF0037F627 /* libopencv_gpu.dylib */,
				EB6DCC931990D3DF0037F627 /* libopencv_highgui.2.4.9.dylib */,
				EB6DCC941990D3DF0037F627 /* libopencv_highgui.2.4.dylib */,
				EB6DCC951990D3DF0037F627 /* libopencv_highgui.dylib */,
				EB6DCC961990D3DF0037F627 /* libopencv_imgproc.2.4.9.dylib */,
				EB6DCC971990D3DF0037F627 /* libopencv_imgproc.2.4.dylib */,
				EB6DCC981990D3DF0037F627 /* libopencv_imgproc.dylib */,
				EB6DCC991990D3DF0037F627 /* libopencv_legacy.2.4.9.dylib */,
				EB6DCC9A1990D3DF0037F627 /* libopencv_legacy.2.4.dylib */,
				EB6DCC9B1990D3DF0037F627 /* libopencv_legacy.dylib */,
				EB6DCC9C1990D3DF0037F627 /* libopencv_ml.2.4.9.dylib */,
				EB6DCC9D1990D3DF0037F627 /* libopencv_ml.2.4.dylib */,
				EB6DCC9E1990D3DF0037F627 /* libopencv_ml.dylib */,
				EB6DCC9F1990D3DF0037F627 /* libopencv_nonfree.2.4.9.dylib */,
				EB6DCCA01990D3DF0037F627 /* libopencv_nonfree.2.4.dylib */,
				EB6DCCA11990D3DF0037F627 /* libopencv_nonfree.dylib */,
				EB6DCCA21990D3DF0037F627 /* libopencv_objdetect.2.4.9.dylib */,
				EB6DCCA31990D3DF0037F627 /* libopencv_objdetect.2.4.dylib */,
				EB6DCCA41990D3DF0037F627 /* libopencv_objdetect.dylib */,
				EB6DCCA51990D3DF0037F627 /* libopencv_ocl.2.4.9.dylib */,
				EB6DCCA61990D3DF0037F627 /* libopencv_ocl.2.4.dylib */,
				EB6DCCA71990D3DF0037F627 /* libopencv_ocl.dylib */,
				EB6DCCA81990D3DF0037F627 /* libopencv_photo.2.4.9.dylib */,
				EB6DCCA91990D3DF0037F627 /* libopencv_photo.2.4.dylib */,
				EB6DCCAA1990D3DF0037F627 /* libopencv_photo.dylib */,
				EB6DCCAB1990D3DF0037F627 /* libopencv_stitching.2.4.9.dylib */,
				EB6DCCAC1990D3DF0037F627 /* libopencv_stitching.2.4.dylib */,
				EB6DCCAD1990D3DF0037F627 /* libopencv_stitching.dylib */,
				EB6DCCAE1990D3DF0037F627 /* libopencv_superres.2.4.9.dylib */,
				EB6DCCAF1990D3DF0037F627 /* libopencv_superres.2.4.dylib */,
				EB6DCCB01990D3DF0037F627 /* libopencv_superres.dylib */,
				EB6DCCB11990D3DF0037F627 /* libopencv_ts.a */,
				EB6DCCB21990D3DF0037F627 /* libopencv_video.2.4.9.dylib */,
				EB6DCCB31990D3DF0037F627 /* libopencv_video.2.4.dylib */,
				EB6DCCB41990D3DF0037F627 /* libopencv_video.dylib */,
				EB6DCCB51990D3DF0037F627 /* libopencv_videostab.2.4.9.dylib */,
				EB6DCCB61990D3DF0037F627 /* libopencv_videostab.2.4.dylib */,
				EB6DCCB71990D3DF0037F627 /* libopencv_videostab.dylib */,
			);
			name = opencv;
			sourceTree = "<group>";
		};
		EB6DCCFE1990D4B10037F627 /* images */ = {
			isa = PBXGroup;
			children = (
				EB6DCCF21990D4AB0037F627 /* parkingLot_2_cars.jpg */,
				EB6DCCF31990D4AB0037F627 /* parkingLot_4_cars.jpg */,
				EB6DCCF41990D4AB0037F627 /* parkingLot_numbers_2.jpg */,
				EB6DCCF61990D4AB0037F627 /* parkingLot_template.jpg */,
			);
			name = images;
			sourceTree = "<group>";
		};
/* End PBXGroup section */

/* Begin PBXNativeTarget section */
		EB6DCC481990D3960037F627 /* AVS_ParkingLot */ = {
			isa = PBXNativeTarget;
			buildConfigurationList = EB6DCC7A1990D3960037F627 /* Build configuration list for PBXNativeTarget "AVS_ParkingLot" */;
			buildPhases = (
				EB6DCC451990D3960037F627 /* Sources */,
				EB6DCC461990D3960037F627 /* Frameworks */,
				EB6DCC471990D3960037F627 /* Resources */,
			);
			buildRules = (
			);
			dependencies = (
			);
			name = AVS_ParkingLot;
			productName = AVS_ParkingLot;
			productReference = EB6DCC491990D3960037F627 /* AVS_ParkingLot.app */;
			productType = "com.apple.product-type.application";
		};
		EB6DCC691990D3960037F627 /* AVS_ParkingLotTests */ = {
			isa = PBXNativeTarget;
			buildConfigurationList = EB6DCC7D1990D3960037F627 /* Build configuration list for PBXNativeTarget "AVS_ParkingLotTests" */;
			buildPhases = (
				EB6DCC661990D3960037F627 /* Sources */,
				EB6DCC671990D3960037F627 /* Frameworks */,
				EB6DCC681990D3960037F627 /* Resources */,
			);
			buildRules = (
			);
			dependencies = (
				EB6DCC6F1990D3960037F627 /* PBXTargetDependency */,
			);
			name = AVS_ParkingLotTests;
			productName = AVS_ParkingLotTests;
			productReference = EB6DCC6A1990D3960037F627 /* AVS_ParkingLotTests.xctest */;
			productType = "com.apple.product-type.bundle.unit-test";
		};
/* End PBXNativeTarget section */

/* Begin PBXProject section */
		EB6DCC411990D3960037F627 /* Project object */ = {
			isa = PBXProject;
			attributes = {
				LastUpgradeCheck = 0510;
				ORGANIZATIONNAME = VirginCode;
				TargetAttributes = {
					EB6DCC691990D3960037F627 = {
						TestTargetID = EB6DCC481990D3960037F627;
					};
				};
			};
			buildConfigurationList = EB6DCC441990D3960037F627 /* Build configuration list for PBXProject "AVS_ParkingLot" */;
			compatibilityVersion = "Xcode 3.2";
			developmentRegion = English;
			hasScannedForEncodings = 0;
			knownRegions = (
				en,
				Base,
			);
			mainGroup = EB6DCC401990D3960037F627;
			productRefGroup = EB6DCC4A1990D3960037F627 /* Products */;
			projectDirPath = "";
			projectRoot = "";
			targets = (
				EB6DCC481990D3960037F627 /* AVS_ParkingLot */,
				EB6DCC691990D3960037F627 /* AVS_ParkingLotTests */,
			);
		};
/* End PBXProject section */

/* Begin PBXResourcesBuildPhase section */
		EB6DCC471990D3960037F627 /* Resources */ = {
			isa = PBXResourcesBuildPhase;
			buildActionMask = 2147483647;
			files = (
				EB6DCCF81990D4AB0037F627 /* parkingLot_2_cars.jpg in Resources */,
				EB6DCCFA1990D4AB0037F627 /* parkingLot_numbers_2.jpg in Resources */,
				EB6DCCFC1990D4AB0037F627 /* parkingLot_template.jpg in Resources */,
				EB6DCC571990D3960037F627 /* InfoPlist.strings in Resources */,
				EB6DCCF91990D4AB0037F627 /* parkingLot_4_cars.jpg in Resources */,
				EB6DCC651990D3960037F627 /* Images.xcassets in Resources */,
				EB6DCC5D1990D3960037F627 /* Credits.rtf in Resources */,
				EB6DCC631990D3960037F627 /* MainMenu.xib in Resources */,
			);
			runOnlyForDeploymentPostprocessing = 0;
		};
		EB6DCC681990D3960037F627 /* Resources */ = {
			isa = PBXResourcesBuildPhase;
			buildActionMask = 2147483647;
			files = (
				EB6DCC751990D3960037F627 /* InfoPlist.strings in Resources */,
			);
			runOnlyForDeploymentPostprocessing = 0;
		};
/* End PBXResourcesBuildPhase section */

/* Begin PBXSourcesBuildPhase section */
		EB6DCC451990D3960037F627 /* Sources */ = {
			isa = PBXSourcesBuildPhase;
			buildActionMask = 2147483647;
			files = (
				EB6DCC601990D3960037F627 /* AppDelegate.m in Sources */,
				EB6DCD051990D4DA0037F627 /* ImageProcessor.m in Sources */,
				E8A2A88219910E470099CEC8 /* DistServer.m in Sources */,
				EB6DCCF11990D4950037F627 /* NSImage+IplImage.m in Sources */,
				EB6DCD041990D4DA0037F627 /* EdgeDetection.m in Sources */,
				EB6DCC591990D3960037F627 /* main.m in Sources */,
			);
			runOnlyForDeploymentPostprocessing = 0;
		};
		EB6DCC661990D3960037F627 /* Sources */ = {
			isa = PBXSourcesBuildPhase;
			buildActionMask = 2147483647;
			files = (
				EB6DCC771990D3960037F627 /* AVS_ParkingLotTests.m in Sources */,
			);
			runOnlyForDeploymentPostprocessing = 0;
		};
/* End PBXSourcesBuildPhase section */

/* Begin PBXTargetDependency section */
		EB6DCC6F1990D3960037F627 /* PBXTargetDependency */ = {
			isa = PBXTargetDependency;
			target = EB6DCC481990D3960037F627 /* AVS_ParkingLot */;
			targetProxy = EB6DCC6E1990D3960037F627 /* PBXContainerItemProxy */;
		};
/* End PBXTargetDependency section */

/* Begin PBXVariantGroup section */
		EB6DCC551990D3960037F627 /* InfoPlist.strings */ = {
			isa = PBXVariantGroup;
			children = (
				EB6DCC561990D3960037F627 /* en */,
			);
			name = InfoPlist.strings;
			sourceTree = "<group>";
		};
		EB6DCC5B1990D3960037F627 /* Credits.rtf */ = {
			isa = PBXVariantGroup;
			children = (
				EB6DCC5C1990D3960037F627 /* en */,
			);
			name = Credits.rtf;
			sourceTree = "<group>";
		};
		EB6DCC611990D3960037F627 /* MainMenu.xib */ = {
			isa = PBXVariantGroup;
			children = (
				EB6DCC621990D3960037F627 /* Base */,
			);
			name = MainMenu.xib;
			sourceTree = "<group>";
		};
		EB6DCC731990D3960037F627 /* InfoPlist.strings */ = {
			isa = PBXVariantGroup;
			children = (
				EB6DCC741990D3960037F627 /* en */,
			);
			name = InfoPlist.strings;
			sourceTree = "<group>";
		};
/* End PBXVariantGroup section */

/* Begin XCBuildConfiguration section */
		EB6DCC781990D3960037F627 /* Debug */ = {
			isa = XCBuildConfiguration;
			buildSettings = {
				ALWAYS_SEARCH_USER_PATHS = NO;
				CLANG_CXX_LANGUAGE_STANDARD = "gnu++0x";
				CLANG_CXX_LIBRARY = "libc++";
				CLANG_ENABLE_MODULES = YES;
				CLANG_ENABLE_OBJC_ARC = YES;
				CLANG_WARN_BOOL_CONVERSION = YES;
				CLANG_WARN_CONSTANT_CONVERSION = YES;
				CLANG_WARN_DIRECT_OBJC_ISA_USAGE = YES_ERROR;
				CLANG_WARN_EMPTY_BODY = YES;
				CLANG_WARN_ENUM_CONVERSION = YES;
				CLANG_WARN_INT_CONVERSION = YES;
				CLANG_WARN_OBJC_ROOT_CLASS = YES_ERROR;
				CLANG_WARN__DUPLICATE_METHOD_MATCH = YES;
				COPY_PHASE_STRIP = NO;
				GCC_C_LANGUAGE_STANDARD = gnu99;
				GCC_DYNAMIC_NO_PIC = NO;
				GCC_ENABLE_OBJC_EXCEPTIONS = YES;
				GCC_OPTIMIZATION_LEVEL = 0;
				GCC_PREPROCESSOR_DEFINITIONS = (
					"DEBUG=1",
					"$(inherited)",
				);
				GCC_SYMBOLS_PRIVATE_EXTERN = NO;
				GCC_WARN_64_TO_32_BIT_CONVERSION = YES;
				GCC_WARN_ABOUT_RETURN_TYPE = YES_ERROR;
				GCC_WARN_UNDECLARED_SELECTOR = YES;
				GCC_WARN_UNINITIALIZED_AUTOS = YES_AGGRESSIVE;
				GCC_WARN_UNUSED_FUNCTION = YES;
				GCC_WARN_UNUSED_VARIABLE = YES;
				MACOSX_DEPLOYMENT_TARGET = 10.9;
				ONLY_ACTIVE_ARCH = YES;
				SDKROOT = macosx;
			};
			name = Debug;
		};
		EB6DCC791990D3960037F627 /* Release */ = {
			isa = XCBuildConfiguration;
			buildSettings = {
				ALWAYS_SEARCH_USER_PATHS = NO;
				CLANG_CXX_LANGUAGE_STANDARD = "gnu++0x";
				CLANG_CXX_LIBRARY = "libc++";
				CLANG_ENABLE_MODULES = YES;
				CLANG_ENABLE_OBJC_ARC = YES;
				CLANG_WARN_BOOL_CONVERSION = YES;
				CLANG_WARN_CONSTANT_CONVERSION = YES;
				CLANG_WARN_DIRECT_OBJC_ISA_USAGE = YES_ERROR;
				CLANG_WARN_EMPTY_BODY = YES;
				CLANG_WARN_ENUM_CONVERSION = YES;
				CLANG_WARN_INT_CONVERSION = YES;
				CLANG_WARN_OBJC_ROOT_CLASS = YES_ERROR;
				CLANG_WARN__DUPLICATE_METHOD_MATCH = YES;
				COPY_PHASE_STRIP = YES;
				DEBUG_INFORMATION_FORMAT = "dwarf-with-dsym";
				ENABLE_NS_ASSERTIONS = NO;
				GCC_C_LANGUAGE_STANDARD = gnu99;
				GCC_ENABLE_OBJC_EXCEPTIONS = YES;
				GCC_WARN_64_TO_32_BIT_CONVERSION = YES;
				GCC_WARN_ABOUT_RETURN_TYPE = YES_ERROR;
				GCC_WARN_UNDECLARED_SELECTOR = YES;
				GCC_WARN_UNINITIALIZED_AUTOS = YES_AGGRESSIVE;
				GCC_WARN_UNUSED_FUNCTION = YES;
				GCC_WARN_UNUSED_VARIABLE = YES;
				MACOSX_DEPLOYMENT_TARGET = 10.9;
				SDKROOT = macosx;
			};
			name = Release;
		};
		EB6DCC7B1990D3960037F627 /* Debug */ = {
			isa = XCBuildConfiguration;
			buildSettings = {
				ASSETCATALOG_COMPILER_APPICON_NAME = AppIcon;
				COMBINE_HIDPI_IMAGES = YES;
				GCC_PRECOMPILE_PREFIX_HEADER = YES;
				GCC_PREFIX_HEADER = "AVS_ParkingLot/AVS_ParkingLot-Prefix.pch";
				HEADER_SEARCH_PATHS = (
					/usr/local/include,
					"$(inherited)",
					/Applications/Xcode.app/Contents/Developer/Toolchains/XcodeDefault.xctoolchain/usr/include,
				);
				INFOPLIST_FILE = "AVS_ParkingLot/AVS_ParkingLot-Info.plist";
				LIBRARY_SEARCH_PATHS = /usr/local/lib;
				PRODUCT_NAME = "$(TARGET_NAME)";
				WRAPPER_EXTENSION = app;
			};
			name = Debug;
		};
		EB6DCC7C1990D3960037F627 /* Release */ = {
			isa = XCBuildConfiguration;
			buildSettings = {
				ASSETCATALOG_COMPILER_APPICON_NAME = AppIcon;
				COMBINE_HIDPI_IMAGES = YES;
				GCC_PRECOMPILE_PREFIX_HEADER = YES;
				GCC_PREFIX_HEADER = "AVS_ParkingLot/AVS_ParkingLot-Prefix.pch";
				HEADER_SEARCH_PATHS = (
					/usr/local/include,
					"$(inherited)",
					/Applications/Xcode.app/Contents/Developer/Toolchains/XcodeDefault.xctoolchain/usr/include,
				);
				INFOPLIST_FILE = "AVS_ParkingLot/AVS_ParkingLot-Info.plist";
				LIBRARY_SEARCH_PATHS = /usr/local/lib;
				PRODUCT_NAME = "$(TARGET_NAME)";
				WRAPPER_EXTENSION = app;
			};
			name = Release;
		};
		EB6DCC7E1990D3960037F627 /* Debug */ = {
			isa = XCBuildConfiguration;
			buildSettings = {
				BUNDLE_LOADER = "$(BUILT_PRODUCTS_DIR)/AVS_ParkingLot.app/Contents/MacOS/AVS_ParkingLot";
				COMBINE_HIDPI_IMAGES = YES;
				FRAMEWORK_SEARCH_PATHS = (
					"$(DEVELOPER_FRAMEWORKS_DIR)",
					"$(inherited)",
				);
				GCC_PRECOMPILE_PREFIX_HEADER = YES;
				GCC_PREFIX_HEADER = "AVS_ParkingLot/AVS_ParkingLot-Prefix.pch";
				GCC_PREPROCESSOR_DEFINITIONS = (
					"DEBUG=1",
					"$(inherited)",
				);
				INFOPLIST_FILE = "AVS_ParkingLotTests/AVS_ParkingLotTests-Info.plist";
				PRODUCT_NAME = "$(TARGET_NAME)";
				TEST_HOST = "$(BUNDLE_LOADER)";
				WRAPPER_EXTENSION = xctest;
			};
			name = Debug;
		};
		EB6DCC7F1990D3960037F627 /* Release */ = {
			isa = XCBuildConfiguration;
			buildSettings = {
				BUNDLE_LOADER = "$(BUILT_PRODUCTS_DIR)/AVS_ParkingLot.app/Contents/MacOS/AVS_ParkingLot";
				COMBINE_HIDPI_IMAGES = YES;
				FRAMEWORK_SEARCH_PATHS = (
					"$(DEVELOPER_FRAMEWORKS_DIR)",
					"$(inherited)",
				);
				GCC_PRECOMPILE_PREFIX_HEADER = YES;
				GCC_PREFIX_HEADER = "AVS_ParkingLot/AVS_ParkingLot-Prefix.pch";
				INFOPLIST_FILE = "AVS_ParkingLotTests/AVS_ParkingLotTests-Info.plist";
				PRODUCT_NAME = "$(TARGET_NAME)";
				TEST_HOST = "$(BUNDLE_LOADER)";
				WRAPPER_EXTENSION = xctest;
			};
			name = Release;
		};
/* End XCBuildConfiguration section */

/* Begin XCConfigurationList section */
		EB6DCC441990D3960037F627 /* Build configuration list for PBXProject "AVS_ParkingLot" */ = {
			isa = XCConfigurationList;
			buildConfigurations = (
				EB6DCC781990D3960037F627 /* Debug */,
				EB6DCC791990D3960037F627 /* Release */,
			);
			defaultConfigurationIsVisible = 0;
			defaultConfigurationName = Release;
		};
		EB6DCC7A1990D3960037F627 /* Build configuration list for PBXNativeTarget "AVS_ParkingLot" */ = {
			isa = XCConfigurationList;
			buildConfigurations = (
				EB6DCC7B1990D3960037F627 /* Debug */,
				EB6DCC7C1990D3960037F627 /* Release */,
			);
			defaultConfigurationIsVisible = 0;
			defaultConfigurationName = Release;
		};
		EB6DCC7D1990D3960037F627 /* Build configuration list for PBXNativeTarget "AVS_ParkingLotTests" */ = {
			isa = XCConfigurationList;
			buildConfigurations = (
				EB6DCC7E1990D3960037F627 /* Debug */,
				EB6DCC7F1990D3960037F627 /* Release */,
			);
			defaultConfigurationIsVisible = 0;
			defaultConfigurationName = Release;
		};
/* End XCConfigurationList section */
	};
	rootObject = EB6DCC411990D3960037F627 /* Project object */;
}
